
Microsoft Visual Studio Solution File, Format Version 12.00
# Visual Studio 15
VisualStudioVersion = 15.0.28010.0
MinimumVisualStudioVersion = 10.0.40219.1
Project("{FAE04EC0-301F-11D3-BF4B-00C04F79EFBC}") = "GCFinal.API", "GCFinal\GCFinal.API.csproj", "{3198B5FA-BF37-4ED1-B7D6-A903D11C97AF}"
EndProject
Project("{FAE04EC0-301F-11D3-BF4B-00C04F79EFBC}") = "GCFinal.Domain", "GCFinal.Domain\GCFinal.Domain.csproj", "{3F20FF59-EE1E-41AA-86E5-8A1FC644B3B3}"
EndProject
Project("{FAE04EC0-301F-11D3-BF4B-00C04F79EFBC}") = "GCFinal.Services", "GCFinal.Services\GCFinal.Services.csproj", "{57CB64B6-B505-417E-A159-196B910006F3}"
EndProject
Project("{FAE04EC0-301F-11D3-BF4B-00C04F79EFBC}") = "GCFinal.Data", "GCFinal.Data\GCFinal.Data.csproj", "{010E1D7F-6B57-4E00-A68E-0F67FB3775D0}"
EndProject
Project("{FAE04EC0-301F-11D3-BF4B-00C04F79EFBC}") = "GCFinal.MVC", "GCFinal.MVC\GCFinal.MVC.csproj", "{CB9B3CF7-9FA1-41E5-AEED-470F2A2BFF61}"
EndProject
Project("{FAE04EC0-301F-11D3-BF4B-00C04F79EFBC}") = "GCFinal.MVC.Test", "GCFinal.MVC.Test\GCFinal.MVC.Test.csproj", "{0BF07DF7-3788-4532-9E7A-2A324C409885}"
EndProject
Global
	GlobalSection(SolutionConfigurationPlatforms) = preSolution
		Debug|Any CPU = Debug|Any CPU
		Release|Any CPU = Release|Any CPU
	EndGlobalSection
	GlobalSection(ProjectConfigurationPlatforms) = postSolution
		{3198B5FA-BF37-4ED1-B7D6-A903D11C97AF}.Debug|Any CPU.ActiveCfg = Debug|Any CPU
		{3198B5FA-BF37-4ED1-B7D6-A903D11C97AF}.Debug|Any CPU.Build.0 = Debug|Any CPU
		{3198B5FA-BF37-4ED1-B7D6-A903D11C97AF}.Release|Any CPU.ActiveCfg = Release|Any CPU
		{3198B5FA-BF37-4ED1-B7D6-A903D11C97AF}.Release|Any CPU.Build.0 = Release|Any CPU
		{3F20FF59-EE1E-41AA-86E5-8A1FC644B3B3}.Debug|Any CPU.ActiveCfg = Debug|Any CPU
		{3F20FF59-EE1E-41AA-86E5-8A1FC644B3B3}.Debug|Any CPU.Build.0 = Debug|Any CPU
		{3F20FF59-EE1E-41AA-86E5-8A1FC644B3B3}.Release|Any CPU.ActiveCfg = Release|Any CPU
		{3F20FF59-EE1E-41AA-86E5-8A1FC644B3B3}.Release|Any CPU.Build.0 = Release|Any CPU
		{57CB64B6-B505-417E-A159-196B910006F3}.Debug|Any CPU.ActiveCfg = Debug|Any CPU
		{57CB64B6-B505-417E-A159-196B910006F3}.Debug|Any CPU.Build.0 = Debug|Any CPU
		{57CB64B6-B505-417E-A159-196B910006F3}.Release|Any CPU.ActiveCfg = Release|Any CPU
		{57CB64B6-B505-417E-A159-196B910006F3}.Release|Any CPU.Build.0 = Release|Any CPU
		{010E1D7F-6B57-4E00-A68E-0F67FB3775D0}.Debug|Any CPU.ActiveCfg = Debug|Any CPU
		{010E1D7F-6B57-4E00-A68E-0F67FB3775D0}.Debug|Any CPU.Build.0 = Debug|Any CPU
		{010E1D7F-6B57-4E00-A68E-0F67FB3775D0}.Release|Any CPU.ActiveCfg = Release|Any CPU
		{010E1D7F-6B57-4E00-A68E-0F67FB3775D0}.Release|Any CPU.Build.0 = Release|Any CPU
		{CB9B3CF7-9FA1-41E5-AEED-470F2A2BFF61}.Debug|Any CPU.ActiveCfg = Debug|Any CPU
		{CB9B3CF7-9FA1-41E5-AEED-470F2A2BFF61}.Debug|Any CPU.Build.0 = Debug|Any CPU
		{CB9B3CF7-9FA1-41E5-AEED-470F2A2BFF61}.Release|Any CPU.ActiveCfg = Release|Any CPU
		{CB9B3CF7-9FA1-41E5-AEED-470F2A2BFF61}.Release|Any CPU.Build.0 = Release|Any CPU
		{0BF07DF7-3788-4532-9E7A-2A324C409885}.Debug|Any CPU.ActiveCfg = Debug|Any CPU
		{0BF07DF7-3788-4532-9E7A-2A324C409885}.Debug|Any CPU.Build.0 = Debug|Any CPU
		{0BF07DF7-3788-4532-9E7A-2A324C409885}.Release|Any CPU.ActiveCfg = Release|Any CPU
		{0BF07DF7-3788-4532-9E7A-2A324C409885}.Release|Any CPU.Build.0 = Release|Any CPU
	EndGlobalSection
	GlobalSection(SolutionProperties) = preSolution
		HideSolutionNode = FALSE
	EndGlobalSection
	GlobalSection(ExtensibilityGlobals) = postSolution
		SolutionGuid = {821E6AC9-BDB1-497C-B772-FFE3E14989C3}
	EndGlobalSection
EndGlobal
